version: 1
algorithm: blake3
groups:
  cli-prose:
    source:
      src/main.rs: 6ff38766cc0fae0c7f472bbe2e7afcf6a01cd7c6ef0dd4d6a3fca3ce1d2c124d
    dependents:
      www/utils/cli-notes.typ: 1fbbf8328d34278a312c5e7acad8d9eb2e994b1fdd974e8fb4947813ea17783e
      www/utils/exit-code-notes.typ: f07969ae6ecd851de6a2c87bd325b2a43d3456829d7e7609f56a8489b0bec9e2
  dev-shell:
    source:
      flake.nix: cc4c2a0b5bccfa3567cd80db4f0f266f2b277ee17b756b73c8fc66777da7764b
    dependents:
      docs/src/contributing.typ: 7c61eb29d3da37da33fd5dc2c69312446a59260eb692de8caeca72bd1c4ea845
  docs-pipeline:
    source:
      .just/scripts/check-capture-paths.sh: ef7de8ddaddbe3de6b805649ea1d29c512e7785e05fb93032133b52d4821dbee
      .just/scripts/check-doc-coverage.sh: 0a8722c438087bccb932b18b446c4e48c6ae38d0a28c28f3bd7307772b2495ea
      .just/scripts/check-doc-facts.sh: ce7b870531a41f876062f95f94cdc52a094b66f49bb39d94b62f7cb090e4eac3
      .just/scripts/docs-md-check.sh: 946444f2048c19a8075205ceae282048176d97d7ec51fb4cbc5a4746af0b6d08
      docs/generate-md.sh: fcebb5efa2271a4137c1bc30087fd2d2cc853a2e74569297511898557245ec87
      www/generate-facts.sh: 9b3e9b05c9162b026de18e81505ad8383a1a7fa581d86349b8e426b000c676a5
      www/generate-site-pages.sh: 7200a107f5b83e68573e1e4b3ac623d51e34ec7a5e171dc3877794aba55f80db
      www/generate.sh: 07abbbac4ae2b709867d41471a018361cdda5c61176468bce87f09e34a37f36f
    dependents:
      docs/src/contributing/generated-docs.typ: e652d0b3ebe171b6cd364ca243d500227d2bacf78a49daf9cc89e27c3a47c0cb
  gates:
    source:
      .just/docs.just: 0cf0b64e18a0c7485638c67e7bf364cb18e8e12a54b3fa53ba982150dae8110a
      Justfile: 4d0dcbe1aeebf72797b7c75ea2a9c1dca27c2818d4f5ef3b139832094837e85a
    dependents:
      .mmz/conf.d/10-rust.yaml: ce20bfa2f797b8a8d3d4c471e1dd0ea4ad3897fb2f31e676d1a090f53824d41e
      .mmz/conf.d/20-docs.yaml: e223812349a4a172a5b319438c1aa3c84867993262ce2113475114086d46fc7b
      .mmz/conf.d/30-repo.yaml: 68fbe9ff8720f28e8ec0b2f40e70e1e29d057f3a7c06d57e93399b4e04af2497
      docs/src/contributing/gates.typ: c2d0c51183be8aa88875663410403f0df56f0c858de924d2d5b32b052202c3e7
      www/utils/gate-notes.typ: b947b1a5c297b1df2003f800adbfc5356d2336c0a0d08d5c11e0507f45b4bf2b
  manifest-prose:
    source:
      schema/mmz.schema.json: dc0b61148fc53b441a17c75806d6173c9f6c0124ca39d19c9c7db25bd75d3284
    dependents:
      www/utils/config-notes.typ: d631ccc695e2639af23abce9c72c1fe3358ae41e0aceb087813f67551221027e
  manifest-schema:
    source:
      src/manifest.rs: 33465376ae9420756c7a4cbc6bdace6d17c0a67901234e9cb1c6eb43764346cf
      src/manifest_strict.rs: f7e7daeb89762e4fffa246dee8cf378dae1155d1a9f8b549a8c023f3d012be76
      src/probe.rs: 5322f311a5691a215faa593f8a08062f29bb23d4c207c769afb38e0c4e5de1f5
    dependents:
      schema/mmz.schema.json: dc0b61148fc53b441a17c75806d6173c9f6c0124ca39d19c9c7db25bd75d3284
      src/schema.rs: f5418a403e8d03cc7fe963a882922610717b88d68fc95930e8e8d1f8447d739a
  release-notes:
    source:
      Cargo.toml: 8e7a574cd0b7c43216a382fb7f19ea2f0b70f7e895ee19993f841c93059db873
    dependents:
      CHANGELOG.md: cf6b77d3f7850907782761877668c5bd07e4bb5b036a399a8b964e519aa0dc18
  status-schema:
    source:
      src/status.rs: 29ace444f9fe4445081e29860ff0c427c3c6b41e6f8440d41ffe53053b0e778c
    dependents:
      schema/status.schema.json: 8c56f88f66dc54ede3060ee81d2309a7b57f0b9a5e504c99736a4b02c694adb0
