version: 1
algorithm: blake3
groups:
  binary-size:
    source:
      Cargo.lock: 81ed9abb33643f2d4e29d5db334fc9b59dcc7dd267cbaf29ede2267e02684a6b
      Cargo.toml: ee4650f83870c7e1eaf1ab4248cd1bdbc83b8f024c7ab621bf40974f8bfa692e
    dependents:
      www/sizes.yaml: f10ea58e18fbf03b67fc551b02b92f294e394ef6ac39b0327ec56bd83e0dea0b
  cli-prose:
    source:
      src/main.rs: 4f5cb69722a415e7753d63dce90620255e6bcaa63651f9237e2176c45eac8572
    dependents:
      www/utils/cli-notes.typ: 1fbbf8328d34278a312c5e7acad8d9eb2e994b1fdd974e8fb4947813ea17783e
      www/utils/exit-code-notes.typ: 900b12674f8954dfe60d82fd394ba7d7f6a751bcca15f76f3e4128a004a06484
  dev-shell:
    source:
      flake.nix: d20dc5029e935737d75c8ff70f0635342bdae2f4828dd3477d977e625e0f3be0
    dependents:
      docs/src/contributing.typ: 7c61eb29d3da37da33fd5dc2c69312446a59260eb692de8caeca72bd1c4ea845
  docs-pipeline:
    source:
      .just/scripts/check-capture-paths.sh: ef7de8ddaddbe3de6b805649ea1d29c512e7785e05fb93032133b52d4821dbee
      .just/scripts/check-doc-coverage.sh: 0a8722c438087bccb932b18b446c4e48c6ae38d0a28c28f3bd7307772b2495ea
      .just/scripts/check-doc-facts.sh: ce7b870531a41f876062f95f94cdc52a094b66f49bb39d94b62f7cb090e4eac3
      .just/scripts/docs-md-check.sh: 946444f2048c19a8075205ceae282048176d97d7ec51fb4cbc5a4746af0b6d08
      docs/generate-md.sh: fcebb5efa2271a4137c1bc30087fd2d2cc853a2e74569297511898557245ec87
      www/generate-facts.sh: 23925bcd590a5368d2c57aa9bb7b12c6ddd50c59761941fc4b0ebd2409e6d2fe
      www/generate-site-pages.sh: 7200a107f5b83e68573e1e4b3ac623d51e34ec7a5e171dc3877794aba55f80db
      www/generate.sh: 07abbbac4ae2b709867d41471a018361cdda5c61176468bce87f09e34a37f36f
      www/measure-sizes.sh: 0aa069471002f805c819e6bba6013ac8d08e726705a65f20608079afc1ff62d6
    dependents:
      docs/src/contributing/generated-docs.typ: 7410b62a9b7cddf294771cccbff4043dfc36b4ccc8a2c17c66b484fdd62e0df6
  gates:
    source:
      .just/docs.just: 0cf0b64e18a0c7485638c67e7bf364cb18e8e12a54b3fa53ba982150dae8110a
      Justfile: 71b89e617ca028f84106426e6bac1bf7b93be807ef5aab245fd8cf6884ee93a4
    dependents:
      .mmz/conf.d/10-rust.yaml: ce20bfa2f797b8a8d3d4c471e1dd0ea4ad3897fb2f31e676d1a090f53824d41e
      .mmz/conf.d/20-docs.yaml: 398c05e57b2c48e5085242abb8b4ea730d46958542410479b9da021447820d53
      .mmz/conf.d/30-repo.yaml: 34e1fafbc9aedb345bc767510c651608ecc49cf09e9355704e031bdb750b70d2
      docs/src/contributing/gates.typ: 2050321c79e0dfc9ec5b885f9f615e81f06ca6bc9e68fb5f8d85ed6d38e53d03
      www/utils/gate-notes.typ: d4a5b0e3c9c7e0b5051178e40179792eed4329d260c6a9f7562a86d68ecc434d
  manifest-prose:
    source:
      schema/mmz.schema.json: 496d4ac14442cc79ee6b7ec0d648224efcec0e06586941b83a0db13a0b415114
    dependents:
      www/utils/config-notes.typ: 6cbb7940e010f1b69cf793d65d062442aa8d7f170bc626e3e888f4afccb41ecd
  manifest-schema:
    source:
      src/manifest.rs: 33465376ae9420756c7a4cbc6bdace6d17c0a67901234e9cb1c6eb43764346cf
      src/manifest_strict.rs: f7e7daeb89762e4fffa246dee8cf378dae1155d1a9f8b549a8c023f3d012be76
      src/probe.rs: 5322f311a5691a215faa593f8a08062f29bb23d4c207c769afb38e0c4e5de1f5
    dependents:
      schema/mmz.schema.json: 496d4ac14442cc79ee6b7ec0d648224efcec0e06586941b83a0db13a0b415114
      src/schema.rs: f5418a403e8d03cc7fe963a882922610717b88d68fc95930e8e8d1f8447d739a
  release-notes:
    source:
      Cargo.toml: ee4650f83870c7e1eaf1ab4248cd1bdbc83b8f024c7ab621bf40974f8bfa692e
    dependents:
      CHANGELOG.md: a4357bf3130ba62e15d3a77b2b85aec30137d7f3777115cd3f031d239bfa0c47
  status-schema:
    source:
      src/status.rs: 29ace444f9fe4445081e29860ff0c427c3c6b41e6f8440d41ffe53053b0e778c
    dependents:
      schema/status.schema.json: 8c56f88f66dc54ede3060ee81d2309a7b57f0b9a5e504c99736a4b02c694adb0
